
Microsoft Visual Studio Solution File, Format Version 12.00
# Visual Studio Version 17
VisualStudioVersion = 17.9.34902.65
MinimumVisualStudioVersion = 10.0.40219.1
Project("{FAE04EC0-301F-11D3-BF4B-00C04F79EFBC}") = "RealTimeChatApp", "RealTimeChatApp\RealTimeChatApp.csproj", "{57CE5AFA-687E-4BD3-93A3-1DE7374C182C}"
EndProject
Global
	GlobalSection(SolutionConfigurationPlatforms) = preSolution
		Debug|Any CPU = Debug|Any CPU
		Release|Any CPU = Release|Any CPU
	EndGlobalSection
	GlobalSection(ProjectConfigurationPlatforms) = postSolution
		{57CE5AFA-687E-4BD3-93A3-1DE7374C182C}.Debug|Any CPU.ActiveCfg = Debug|Any CPU
		{57CE5AFA-687E-4BD3-93A3-1DE7374C182C}.Debug|Any CPU.Build.0 = Debug|Any CPU
		{57CE5AFA-687E-4BD3-93A3-1DE7374C182C}.Release|Any CPU.ActiveCfg = Release|Any CPU
		{57CE5AFA-687E-4BD3-93A3-1DE7374C182C}.Release|Any CPU.Build.0 = Release|Any CPU
	EndGlobalSection
	GlobalSection(SolutionProperties) = preSolution
		HideSolutionNode = FALSE
	EndGlobalSection
	GlobalSection(ExtensibilityGlobals) = postSolution
		SolutionGuid = {E1CE648E-DF15-4676-90EC-9FA67E0C593C}
	EndGlobalSection
EndGlobal
